
Microsoft Visual Studio Solution File, Format Version 12.00
# Visual Studio Version 16
VisualStudioVersion = 16.0.31402.337
MinimumVisualStudioVersion = 10.0.40219.1
Project("{FAE04EC0-301F-11D3-BF4B-00C04F79EFBC}") = "SystemIO", "SystemIO\SystemIO.csproj", "{27990ACC-4AA8-45EF-BD67-1955B309A388}"
EndProject
Global
	GlobalSection(SolutionConfigurationPlatforms) = preSolution
		Debug|Any CPU = Debug|Any CPU
		Release|Any CPU = Release|Any CPU
	EndGlobalSection
	GlobalSection(ProjectConfigurationPlatforms) = postSolution
		{27990ACC-4AA8-45EF-BD67-1955B309A388}.Debug|Any CPU.ActiveCfg = Debug|Any CPU
		{27990ACC-4AA8-45EF-BD67-1955B309A388}.Debug|Any CPU.Build.0 = Debug|Any CPU
		{27990ACC-4AA8-45EF-BD67-1955B309A388}.Release|Any CPU.ActiveCfg = Release|Any CPU
		{27990ACC-4AA8-45EF-BD67-1955B309A388}.Release|Any CPU.Build.0 = Release|Any CPU
	EndGlobalSection
	GlobalSection(SolutionProperties) = preSolution
		HideSolutionNode = FALSE
	EndGlobalSection
	GlobalSection(ExtensibilityGlobals) = postSolution
		SolutionGuid = {C40542F9-DA8F-4F4F-A937-DD5631BA3CAA}
	EndGlobalSection
EndGlobal
